
Microsoft Visual Studio Solution File, Format Version 12.00
Project("{FAE04EC0-301F-11D3-BF4B-00C04F79EFBC}") = "Antlr_Scala", "Antlr_Scala\Antlr_Scala.csproj", "{DF65794C-6E44-4215-BD3D-A5D05091C7EC}"
EndProject
Project("{FAE04EC0-301F-11D3-BF4B-00C04F79EFBC}") = "ScalaAnalyzer", "ScalaAnalyzer\ScalaAnalyzer.csproj", "{BDC108AB-21E3-475E-AD43-971C10F5601E}"
EndProject
Project("{FAE04EC0-301F-11D3-BF4B-00C04F79EFBC}") = "JilbeAnalyzer", "JilbeAnalyzer\JilbeAnalyzer.csproj", "{AF28A2FB-7FE7-4315-9F1D-8E8ED84E09D1}"
EndProject
Global
	GlobalSection(SolutionConfigurationPlatforms) = preSolution
		Debug|Any CPU = Debug|Any CPU
		Release|Any CPU = Release|Any CPU
	EndGlobalSection
	GlobalSection(ProjectConfigurationPlatforms) = postSolution
		{DF65794C-6E44-4215-BD3D-A5D05091C7EC}.Debug|Any CPU.ActiveCfg = Debug|Any CPU
		{DF65794C-6E44-4215-BD3D-A5D05091C7EC}.Debug|Any CPU.Build.0 = Debug|Any CPU
		{DF65794C-6E44-4215-BD3D-A5D05091C7EC}.Release|Any CPU.ActiveCfg = Release|Any CPU
		{DF65794C-6E44-4215-BD3D-A5D05091C7EC}.Release|Any CPU.Build.0 = Release|Any CPU
		{BDC108AB-21E3-475E-AD43-971C10F5601E}.Debug|Any CPU.ActiveCfg = Debug|Any CPU
		{BDC108AB-21E3-475E-AD43-971C10F5601E}.Debug|Any CPU.Build.0 = Debug|Any CPU
		{BDC108AB-21E3-475E-AD43-971C10F5601E}.Release|Any CPU.ActiveCfg = Release|Any CPU
		{BDC108AB-21E3-475E-AD43-971C10F5601E}.Release|Any CPU.Build.0 = Release|Any CPU
		{AF28A2FB-7FE7-4315-9F1D-8E8ED84E09D1}.Debug|Any CPU.ActiveCfg = Debug|Any CPU
		{AF28A2FB-7FE7-4315-9F1D-8E8ED84E09D1}.Debug|Any CPU.Build.0 = Debug|Any CPU
		{AF28A2FB-7FE7-4315-9F1D-8E8ED84E09D1}.Release|Any CPU.ActiveCfg = Release|Any CPU
		{AF28A2FB-7FE7-4315-9F1D-8E8ED84E09D1}.Release|Any CPU.Build.0 = Release|Any CPU
	EndGlobalSection
EndGlobal
